
Microsoft Visual Studio Solution File, Format Version 11.00
# Visual Studio 2010
Project("{FAE04EC0-301F-11D3-BF4B-00C04F79EFBC}") = "Swole-Runner", "Assembly-CSharp.csproj", "{A97589A8-A726-C9A1-F93F-C8CACAFC1C9B}"
EndProject
Project("{FAE04EC0-301F-11D3-BF4B-00C04F79EFBC}") = "Swole-Runner", "Assembly-UnityScript.unityproj", "{ACC47656-87BF-DC61-F73C-9C81274CCA97}"
EndProject
Global
	GlobalSection(SolutionConfigurationPlatforms) = preSolution
		Debug|Any CPU = Debug|Any CPU
		Release|Any CPU = Release|Any CPU
	EndGlobalSection
	GlobalSection(ProjectConfigurationPlatforms) = postSolution
		{A97589A8-A726-C9A1-F93F-C8CACAFC1C9B}.Debug|Any CPU.ActiveCfg = Debug|Any CPU
		{A97589A8-A726-C9A1-F93F-C8CACAFC1C9B}.Debug|Any CPU.Build.0 = Debug|Any CPU
		{A97589A8-A726-C9A1-F93F-C8CACAFC1C9B}.Release|Any CPU.ActiveCfg = Release|Any CPU
		{A97589A8-A726-C9A1-F93F-C8CACAFC1C9B}.Release|Any CPU.Build.0 = Release|Any CPU
		{ACC47656-87BF-DC61-F73C-9C81274CCA97}.Debug|Any CPU.ActiveCfg = Debug|Any CPU
		{ACC47656-87BF-DC61-F73C-9C81274CCA97}.Debug|Any CPU.Build.0 = Debug|Any CPU
		{ACC47656-87BF-DC61-F73C-9C81274CCA97}.Release|Any CPU.ActiveCfg = Release|Any CPU
		{ACC47656-87BF-DC61-F73C-9C81274CCA97}.Release|Any CPU.Build.0 = Release|Any CPU
	EndGlobalSection
	GlobalSection(SolutionProperties) = preSolution
		HideSolutionNode = FALSE
	EndGlobalSection
	GlobalSection(MonoDevelopProperties) = preSolution
		StartupItem = Assembly-CSharp.csproj
	EndGlobalSection
EndGlobal
